
Microsoft Visual Studio Solution File, Format Version 12.00
# Visual Studio Version 17
VisualStudioVersion = 17.5.002.0
MinimumVisualStudioVersion = 10.0.40219.1
Project("{9A19103F-16F7-4668-BE54-9A1E7A4F7556}") = "AccountManageApi", "AccountManageApi.csproj", "{C2989BA2-333D-40C9-9240-E7145C5D9B1B}"
EndProject
Global
	GlobalSection(SolutionConfigurationPlatforms) = preSolution
		Debug|Any CPU = Debug|Any CPU
		Release|Any CPU = Release|Any CPU
	EndGlobalSection
	GlobalSection(ProjectConfigurationPlatforms) = postSolution
		{C2989BA2-333D-40C9-9240-E7145C5D9B1B}.Debug|Any CPU.ActiveCfg = Debug|Any CPU
		{C2989BA2-333D-40C9-9240-E7145C5D9B1B}.Debug|Any CPU.Build.0 = Debug|Any CPU
		{C2989BA2-333D-40C9-9240-E7145C5D9B1B}.Release|Any CPU.ActiveCfg = Release|Any CPU
		{C2989BA2-333D-40C9-9240-E7145C5D9B1B}.Release|Any CPU.Build.0 = Release|Any CPU
	EndGlobalSection
	GlobalSection(SolutionProperties) = preSolution
		HideSolutionNode = FALSE
	EndGlobalSection
	GlobalSection(ExtensibilityGlobals) = postSolution
		SolutionGuid = {CB3403F3-FC6A-4334-B46B-70A629A85CEA}
	EndGlobalSection
EndGlobal
